
Microsoft Visual Studio Solution File, Format Version 12.00
# Visual Studio Version 16
VisualStudioVersion = 16.0.30804.86
MinimumVisualStudioVersion = 10.0.40219.1
Project("{9A19103F-16F7-4668-BE54-9A1E7A4F7556}") = "RepositoryPattern", "RepositoryPattern\RepositoryPattern.csproj", "{A540DA20-ECBB-4B32-A536-776A66EACC6C}"
EndProject
Project("{FAE04EC0-301F-11D3-BF4B-00C04F79EFBC}") = "RepositoryPatternAPP", "RepositoryPatternAPP\RepositoryPatternAPP.csproj", "{4FEB4D11-81D4-4CC7-883F-25E558790AE3}"
EndProject
Global
	GlobalSection(SolutionConfigurationPlatforms) = preSolution
		Debug|Any CPU = Debug|Any CPU
		Release|Any CPU = Release|Any CPU
	EndGlobalSection
	GlobalSection(ProjectConfigurationPlatforms) = postSolution
		{A540DA20-ECBB-4B32-A536-776A66EACC6C}.Debug|Any CPU.ActiveCfg = Debug|Any CPU
		{A540DA20-ECBB-4B32-A536-776A66EACC6C}.Debug|Any CPU.Build.0 = Debug|Any CPU
		{A540DA20-ECBB-4B32-A536-776A66EACC6C}.Release|Any CPU.ActiveCfg = Release|Any CPU
		{A540DA20-ECBB-4B32-A536-776A66EACC6C}.Release|Any CPU.Build.0 = Release|Any CPU
		{4FEB4D11-81D4-4CC7-883F-25E558790AE3}.Debug|Any CPU.ActiveCfg = Debug|Any CPU
		{4FEB4D11-81D4-4CC7-883F-25E558790AE3}.Debug|Any CPU.Build.0 = Debug|Any CPU
		{4FEB4D11-81D4-4CC7-883F-25E558790AE3}.Release|Any CPU.ActiveCfg = Release|Any CPU
		{4FEB4D11-81D4-4CC7-883F-25E558790AE3}.Release|Any CPU.Build.0 = Release|Any CPU
	EndGlobalSection
	GlobalSection(SolutionProperties) = preSolution
		HideSolutionNode = FALSE
	EndGlobalSection
	GlobalSection(ExtensibilityGlobals) = postSolution
		SolutionGuid = {6E391416-4CD3-42C2-B7DE-C225A64E444E}
	EndGlobalSection
EndGlobal
